
Microsoft Visual Studio Solution File, Format Version 12.00
# Visual Studio Version 17
VisualStudioVersion = 17.1.32210.238
MinimumVisualStudioVersion = 10.0.40219.1
Project("{FAE04EC0-301F-11D3-BF4B-00C04F79EFBC}") = "kalkulator", "kalkulator.csproj", "{A85ABC2C-DFA0-47DE-82E1-8122AB2563D9}"
EndProject
Global
	GlobalSection(SolutionConfigurationPlatforms) = preSolution
		Debug|Any CPU = Debug|Any CPU
		Release|Any CPU = Release|Any CPU
	EndGlobalSection
	GlobalSection(ProjectConfigurationPlatforms) = postSolution
		{A85ABC2C-DFA0-47DE-82E1-8122AB2563D9}.Debug|Any CPU.ActiveCfg = Debug|Any CPU
		{A85ABC2C-DFA0-47DE-82E1-8122AB2563D9}.Debug|Any CPU.Build.0 = Debug|Any CPU
		{A85ABC2C-DFA0-47DE-82E1-8122AB2563D9}.Release|Any CPU.ActiveCfg = Release|Any CPU
		{A85ABC2C-DFA0-47DE-82E1-8122AB2563D9}.Release|Any CPU.Build.0 = Release|Any CPU
	EndGlobalSection
	GlobalSection(SolutionProperties) = preSolution
		HideSolutionNode = FALSE
	EndGlobalSection
	GlobalSection(ExtensibilityGlobals) = postSolution
		SolutionGuid = {C6995301-2BFA-46AD-92F5-F550D3E5711A}
	EndGlobalSection
EndGlobal
